// !$*UTF8*$!
{
	archiveVersion = 1;
	classes = {
	};
	objectVersion = 46;
	objects = {

/* Begin PBXBuildFile section */
		00E356F31AD99517003FC87E /* githubProfilesTests.m in Sources */ = {isa = PBXBuildFile; fileRef = 00E356F21AD99517003FC87E /* githubProfilesTests.m */; };
		13B07FBC1A68108700A75B9A /* AppDelegate.m in Sources */ = {isa = PBXBuildFile; fileRef = 13B07FB01A68108700A75B9A /* AppDelegate.m */; };
		13B07FBF1A68108700A75B9A /* Images.xcassets in Resources */ = {isa = PBXBuildFile; fileRef = 13B07FB51A68108700A75B9A /* Images.xcassets */; };
		13B07FC11A68108700A75B9A /* main.m in Sources */ = {isa = PBXBuildFile; fileRef = 13B07FB71A68108700A75B9A /* main.m */; };
		2D02E4BC1E0B4A80006451C7 /* AppDelegate.m in Sources */ = {isa = PBXBuildFile; fileRef = 13B07FB01A68108700A75B9A /* AppDelegate.m */; };
		2D02E4BD1E0B4A84006451C7 /* Images.xcassets in Resources */ = {isa = PBXBuildFile; fileRef = 13B07FB51A68108700A75B9A /* Images.xcassets */; };
		2D02E4BF1E0B4AB3006451C7 /* main.m in Sources */ = {isa = PBXBuildFile; fileRef = 13B07FB71A68108700A75B9A /* main.m */; };
		2DCD954D1E0B4F2C00145EB5 /* githubProfilesTests.m in Sources */ = {isa = PBXBuildFile; fileRef = 00E356F21AD99517003FC87E /* githubProfilesTests.m */; };
		81AB9BB82411601600AC10FF /* LaunchScreen.storyboard in Resources */ = {isa = PBXBuildFile; fileRef = 81AB9BB72411601600AC10FF /* LaunchScreen.storyboard */; };
		377DDE49C3744D8D8C39F641 /* Montserrat-Black.ttf in Resources */ = {isa = PBXBuildFile; fileRef = 6D709A491FE543E4A0C8435E /* Montserrat-Black.ttf */; };
		03A606E50B3140B89A41B843 /* Montserrat-BlackItalic.ttf in Resources */ = {isa = PBXBuildFile; fileRef = B4A7D7EEEC0749809D850903 /* Montserrat-BlackItalic.ttf */; };
		F1529E90CEDA4469A6D78638 /* Montserrat-Bold.ttf in Resources */ = {isa = PBXBuildFile; fileRef = 805C25D6363C469C8A262114 /* Montserrat-Bold.ttf */; };
		2F01955FF276466EB916B1BB /* Montserrat-BoldItalic.ttf in Resources */ = {isa = PBXBuildFile; fileRef = DD42341D2C0E4DD695BE18FD /* Montserrat-BoldItalic.ttf */; };
		DDF44B3A75504082A4CC9D46 /* Montserrat-ExtraBold.ttf in Resources */ = {isa = PBXBuildFile; fileRef = 552271F32B3E4FF6AAA9B45A /* Montserrat-ExtraBold.ttf */; };
		E0B83FD65643491C8736F1EF /* Montserrat-ExtraBoldItalic.ttf in Resources */ = {isa = PBXBuildFile; fileRef = 0D069BD619E84C76A5842071 /* Montserrat-ExtraBoldItalic.ttf */; };
		0C933425FAA049D59A67F730 /* Montserrat-ExtraLight.ttf in Resources */ = {isa = PBXBuildFile; fileRef = 47A85AC866E14DD3A6F40DCD /* Montserrat-ExtraLight.ttf */; };
		E88303B6908B4D41A693E5F1 /* Montserrat-ExtraLightItalic.ttf in Resources */ = {isa = PBXBuildFile; fileRef = 9C59DF710C5F4B7F8D43A5CE /* Montserrat-ExtraLightItalic.ttf */; };
		112A8A0B40E241F6878B9788 /* Montserrat-Italic.ttf in Resources */ = {isa = PBXBuildFile; fileRef = D0F659D4C7D34032A26C4421 /* Montserrat-Italic.ttf */; };
		5BF32FC2BBCB42BC8957C88A /* Montserrat-Light.ttf in Resources */ = {isa = PBXBuildFile; fileRef = 71E12E7C8E73447EAD7E2FFD /* Montserrat-Light.ttf */; };
		6B70C9F333B54E54B40CC8C5 /* Montserrat-LightItalic.ttf in Resources */ = {isa = PBXBuildFile; fileRef = 1BC0665FA19A4616A80D52B7 /* Montserrat-LightItalic.ttf */; };
		D3539A23E0A34E34AB41FF89 /* Montserrat-Medium.ttf in Resources */ = {isa = PBXBuildFile; fileRef = CB59F80132F94B5E8AEFA299 /* Montserrat-Medium.ttf */; };
		7A4739DCF3774C85BDD9651A /* Montserrat-MediumItalic.ttf in Resources */ = {isa = PBXBuildFile; fileRef = 30356EA875E8442180F2F8D2 /* Montserrat-MediumItalic.ttf */; };
		E600648C200148C7A4970B95 /* Montserrat-Regular.ttf in Resources */ = {isa = PBXBuildFile; fileRef = 7E0BC2B1877D4E94928989C0 /* Montserrat-Regular.ttf */; };
		4273437051064ABD8DD7FB9A /* Montserrat-SemiBold.ttf in Resources */ = {isa = PBXBuildFile; fileRef = BC9CEBA309D242B8B680D1DC /* Montserrat-SemiBold.ttf */; };
		7E60665F81EC4E859C811423 /* Montserrat-SemiBoldItalic.ttf in Resources */ = {isa = PBXBuildFile; fileRef = C43B003180A44B0B8DAFAA90 /* Montserrat-SemiBoldItalic.ttf */; };
		99C372244AE64493950A86C9 /* Montserrat-Thin.ttf in Resources */ = {isa = PBXBuildFile; fileRef = 0E72B1BFE02F4033993651F6 /* Montserrat-Thin.ttf */; };
		D13FFFE574FF40BCB9DF3B7C /* Montserrat-ThinItalic.ttf in Resources */ = {isa = PBXBuildFile; fileRef = 99DD81A62AED47378D69F8DC /* Montserrat-ThinItalic.ttf */; };
		670E789220834A78A66061D3 /* SFUIText-Bold.ttf in Resources */ = {isa = PBXBuildFile; fileRef = C6C0B292D4EE4750B81A5105 /* SFUIText-Bold.ttf */; };
		8CEA1A3E87DB4D459D888E13 /* SFUIText-BoldItalic.ttf in Resources */ = {isa = PBXBuildFile; fileRef = 3A922C1C5FA54E0ABD17C241 /* SFUIText-BoldItalic.ttf */; };
		EC85F1E538D441CB94AF2A22 /* SFUIText-Heavy.ttf in Resources */ = {isa = PBXBuildFile; fileRef = C257F450E60948AAA3020557 /* SFUIText-Heavy.ttf */; };
		8D760F565E824B04924C3B9E /* SFUIText-HeavyItalic.ttf in Resources */ = {isa = PBXBuildFile; fileRef = 9B591796FA424593A5C9B2FB /* SFUIText-HeavyItalic.ttf */; };
		74B3E6B2462C4EC987844DF6 /* SFUIText-Light.ttf in Resources */ = {isa = PBXBuildFile; fileRef = 43DF2FD875D448418DB34B6B /* SFUIText-Light.ttf */; };
		18DDF287FB9049A2AE8E9CD9 /* SFUIText-LightItalic.ttf in Resources */ = {isa = PBXBuildFile; fileRef = 1FA4DD959B6E4EECBDAE287C /* SFUIText-LightItalic.ttf */; };
		4F562F1E8B3C4D59BB540C55 /* SFUIText-Medium.ttf in Resources */ = {isa = PBXBuildFile; fileRef = B520BF6376EE48CF9C62D479 /* SFUIText-Medium.ttf */; };
		0CA04082D37349A9BD0C0933 /* SFUIText-MediumItalic.ttf in Resources */ = {isa = PBXBuildFile; fileRef = BA0E7388D73D4F058FB49A64 /* SFUIText-MediumItalic.ttf */; };
		68BAA6C4A05D4413BDEADA3B /* SFUIText-Regular.ttf in Resources */ = {isa = PBXBuildFile; fileRef = 6AC78829888E440998859714 /* SFUIText-Regular.ttf */; };
		A12A7B9C041944DEAC1E774D /* SFUIText-RegularItalic.ttf in Resources */ = {isa = PBXBuildFile; fileRef = D5837E146CCF416995E661B4 /* SFUIText-RegularItalic.ttf */; };
		FD1B027689F447FF9BFAF2BA /* SFUIText-Semibold.ttf in Resources */ = {isa = PBXBuildFile; fileRef = 98D423F240484C0E92173A90 /* SFUIText-Semibold.ttf */; };
		B88BE8C4C4874CC7B9C3DC6B /* SFUIText-SemiboldItalic.ttf in Resources */ = {isa = PBXBuildFile; fileRef = 6C054B6306D9498ABC03C560 /* SFUIText-SemiboldItalic.ttf */; };
		4FBB086B70454D09A18A21E0 /* AntDesign.ttf in Resources */ = {isa = PBXBuildFile; fileRef = 5B53965DAC044929A142E022 /* AntDesign.ttf */; };
		A0ACC3B213674738AA1C81DD /* Entypo.ttf in Resources */ = {isa = PBXBuildFile; fileRef = 1F7666BA6EC3417F9C38C56B /* Entypo.ttf */; };
		3E00C5B21A9E4697B470DF32 /* EvilIcons.ttf in Resources */ = {isa = PBXBuildFile; fileRef = DE86F3F299824B09B07D6AA9 /* EvilIcons.ttf */; };
		6DFBBB83B156499DB6991FF7 /* Feather.ttf in Resources */ = {isa = PBXBuildFile; fileRef = 7E3DBADAD5FE4E49B889AB80 /* Feather.ttf */; };
		AFDD14F33E014055A0583D88 /* FontAwesome.ttf in Resources */ = {isa = PBXBuildFile; fileRef = 2AC43D22CB374386B0B966A0 /* FontAwesome.ttf */; };
		5E68EAF172524DE1B107E7D2 /* FontAwesome5_Brands.ttf in Resources */ = {isa = PBXBuildFile; fileRef = 71CEE3B2ABA4427899419F6C /* FontAwesome5_Brands.ttf */; };
		3A8709A1B1B149E9BB21F592 /* FontAwesome5_Regular.ttf in Resources */ = {isa = PBXBuildFile; fileRef = AF05FBB8B2EB4697BB392778 /* FontAwesome5_Regular.ttf */; };
		E0490A258C1B4186A03C9AD9 /* FontAwesome5_Solid.ttf in Resources */ = {isa = PBXBuildFile; fileRef = FB0F1F8D9AE84323869B380B /* FontAwesome5_Solid.ttf */; };
		C82280F1A3D242DEA557A8CA /* Fontisto.ttf in Resources */ = {isa = PBXBuildFile; fileRef = 5DAFB0F8B4864FED92B56D6D /* Fontisto.ttf */; };
		9ADD9BB60A1B4F0CB30C5343 /* Foundation.ttf in Resources */ = {isa = PBXBuildFile; fileRef = 438C92A7BB2E43388E1DC39E /* Foundation.ttf */; };
		39DF375E23EA46C7A6D6F997 /* Ionicons.ttf in Resources */ = {isa = PBXBuildFile; fileRef = AC5FA9F167F84F06AD7CAE5F /* Ionicons.ttf */; };
		C79902D2EF8D45F997A204E4 /* MaterialCommunityIcons.ttf in Resources */ = {isa = PBXBuildFile; fileRef = E201914DBDD34008BDDD9FA9 /* MaterialCommunityIcons.ttf */; };
		FCA6B7B44FB94BD49B8BC2F9 /* MaterialIcons.ttf in Resources */ = {isa = PBXBuildFile; fileRef = 6FE2F464B26544DF8E0B342B /* MaterialIcons.ttf */; };
		36218839F5CF4B999E63C7CA /* Octicons.ttf in Resources */ = {isa = PBXBuildFile; fileRef = E5ABC4339BAF4914947B805E /* Octicons.ttf */; };
		495992307B9D412A8A38A300 /* SimpleLineIcons.ttf in Resources */ = {isa = PBXBuildFile; fileRef = AD0FC72DB95644BC9F2978D3 /* SimpleLineIcons.ttf */; };
		44D03A17A4DB4D9C98843F69 /* Zocial.ttf in Resources */ = {isa = PBXBuildFile; fileRef = 5602F96991B747008E21787B /* Zocial.ttf */; };
/* End PBXBuildFile section */

/* Begin PBXContainerItemProxy section */
		00E356F41AD99517003FC87E /* PBXContainerItemProxy */ = {
			isa = PBXContainerItemProxy;
			containerPortal = 83CBB9F71A601CBA00E9B192 /* Project object */;
			proxyType = 1;
			remoteGlobalIDString = 13B07F861A680F5B00A75B9A;
			remoteInfo = githubProfiles;
		};
		2D02E4911E0B4A5D006451C7 /* PBXContainerItemProxy */ = {
			isa = PBXContainerItemProxy;
			containerPortal = 83CBB9F71A601CBA00E9B192 /* Project object */;
			proxyType = 1;
			remoteGlobalIDString = 2D02E47A1E0B4A5D006451C7;
			remoteInfo = "githubProfiles-tvOS";
		};
/* End PBXContainerItemProxy section */

/* Begin PBXFileReference section */
		008F07F21AC5B25A0029DE68 /* main.jsbundle */ = {isa = PBXFileReference; fileEncoding = 4; lastKnownFileType = text; path = main.jsbundle; sourceTree = "<group>"; };
		00E356EE1AD99517003FC87E /* githubProfilesTests.xctest */ = {isa = PBXFileReference; explicitFileType = wrapper.cfbundle; includeInIndex = 0; path = githubProfilesTests.xctest; sourceTree = BUILT_PRODUCTS_DIR; };
		00E356F11AD99517003FC87E /* Info.plist */ = {isa = PBXFileReference; lastKnownFileType = text.plist.xml; path = Info.plist; sourceTree = "<group>"; };
		00E356F21AD99517003FC87E /* githubProfilesTests.m */ = {isa = PBXFileReference; lastKnownFileType = sourcecode.c.objc; path = githubProfilesTests.m; sourceTree = "<group>"; };
		13B07F961A680F5B00A75B9A /* githubProfiles.app */ = {isa = PBXFileReference; explicitFileType = wrapper.application; includeInIndex = 0; path = githubProfiles.app; sourceTree = BUILT_PRODUCTS_DIR; };
		13B07FAF1A68108700A75B9A /* AppDelegate.h */ = {isa = PBXFileReference; fileEncoding = 4; lastKnownFileType = sourcecode.c.h; name = AppDelegate.h; path = githubProfiles/AppDelegate.h; sourceTree = "<group>"; };
		13B07FB01A68108700A75B9A /* AppDelegate.m */ = {isa = PBXFileReference; fileEncoding = 4; lastKnownFileType = sourcecode.c.objc; name = AppDelegate.m; path = githubProfiles/AppDelegate.m; sourceTree = "<group>"; };
		13B07FB51A68108700A75B9A /* Images.xcassets */ = {isa = PBXFileReference; lastKnownFileType = folder.assetcatalog; name = Images.xcassets; path = githubProfiles/Images.xcassets; sourceTree = "<group>"; };
		13B07FB61A68108700A75B9A /* Info.plist */ = {isa = PBXFileReference; fileEncoding = 4; lastKnownFileType = text.plist.xml; name = Info.plist; path = githubProfiles/Info.plist; sourceTree = "<group>"; };
		13B07FB71A68108700A75B9A /* main.m */ = {isa = PBXFileReference; fileEncoding = 4; lastKnownFileType = sourcecode.c.objc; name = main.m; path = githubProfiles/main.m; sourceTree = "<group>"; };
		2D02E47B1E0B4A5D006451C7 /* githubProfiles-tvOS.app */ = {isa = PBXFileReference; explicitFileType = wrapper.application; includeInIndex = 0; path = "githubProfiles-tvOS.app"; sourceTree = BUILT_PRODUCTS_DIR; };
		2D02E4901E0B4A5D006451C7 /* githubProfiles-tvOSTests.xctest */ = {isa = PBXFileReference; explicitFileType = wrapper.cfbundle; includeInIndex = 0; path = "githubProfiles-tvOSTests.xctest"; sourceTree = BUILT_PRODUCTS_DIR; };
		81AB9BB72411601600AC10FF /* LaunchScreen.storyboard */ = {isa = PBXFileReference; fileEncoding = 4; lastKnownFileType = file.storyboard; name = LaunchScreen.storyboard; path = githubProfiles/LaunchScreen.storyboard; sourceTree = "<group>"; };
		ED297162215061F000B7C4FE /* JavaScriptCore.framework */ = {isa = PBXFileReference; lastKnownFileType = wrapper.framework; name = JavaScriptCore.framework; path = System/Library/Frameworks/JavaScriptCore.framework; sourceTree = SDKROOT; };
		ED2971642150620600B7C4FE /* JavaScriptCore.framework */ = {isa = PBXFileReference; lastKnownFileType = wrapper.framework; name = JavaScriptCore.framework; path = Platforms/AppleTVOS.platform/Developer/SDKs/AppleTVOS12.0.sdk/System/Library/Frameworks/JavaScriptCore.framework; sourceTree = DEVELOPER_DIR; };
		6D709A491FE543E4A0C8435E /* Montserrat-Black.ttf */ = {isa = PBXFileReference; name = "Montserrat-Black.ttf"; path = "../assets/fonts/Montserrat-Black.ttf"; sourceTree = "<group>"; fileEncoding = undefined; lastKnownFileType = unknown; explicitFileType = undefined; includeInIndex = 0; };
		B4A7D7EEEC0749809D850903 /* Montserrat-BlackItalic.ttf */ = {isa = PBXFileReference; name = "Montserrat-BlackItalic.ttf"; path = "../assets/fonts/Montserrat-BlackItalic.ttf"; sourceTree = "<group>"; fileEncoding = undefined; lastKnownFileType = unknown; explicitFileType = undefined; includeInIndex = 0; };
		805C25D6363C469C8A262114 /* Montserrat-Bold.ttf */ = {isa = PBXFileReference; name = "Montserrat-Bold.ttf"; path = "../assets/fonts/Montserrat-Bold.ttf"; sourceTree = "<group>"; fileEncoding = undefined; lastKnownFileType = unknown; explicitFileType = undefined; includeInIndex = 0; };
		DD42341D2C0E4DD695BE18FD /* Montserrat-BoldItalic.ttf */ = {isa = PBXFileReference; name = "Montserrat-BoldItalic.ttf"; path = "../assets/fonts/Montserrat-BoldItalic.ttf"; sourceTree = "<group>"; fileEncoding = undefined; lastKnownFileType = unknown; explicitFileType = undefined; includeInIndex = 0; };
		552271F32B3E4FF6AAA9B45A /* Montserrat-ExtraBold.ttf */ = {isa = PBXFileReference; name = "Montserrat-ExtraBold.ttf"; path = "../assets/fonts/Montserrat-ExtraBold.ttf"; sourceTree = "<group>"; fileEncoding = undefined; lastKnownFileType = unknown; explicitFileType = undefined; includeInIndex = 0; };
		0D069BD619E84C76A5842071 /* Montserrat-ExtraBoldItalic.ttf */ = {isa = PBXFileReference; name = "Montserrat-ExtraBoldItalic.ttf"; path = "../assets/fonts/Montserrat-ExtraBoldItalic.ttf"; sourceTree = "<group>"; fileEncoding = undefined; lastKnownFileType = unknown; explicitFileType = undefined; includeInIndex = 0; };
		47A85AC866E14DD3A6F40DCD /* Montserrat-ExtraLight.ttf */ = {isa = PBXFileReference; name = "Montserrat-ExtraLight.ttf"; path = "../assets/fonts/Montserrat-ExtraLight.ttf"; sourceTree = "<group>"; fileEncoding = undefined; lastKnownFileType = unknown; explicitFileType = undefined; includeInIndex = 0; };
		9C59DF710C5F4B7F8D43A5CE /* Montserrat-ExtraLightItalic.ttf */ = {isa = PBXFileReference; name = "Montserrat-ExtraLightItalic.ttf"; path = "../assets/fonts/Montserrat-ExtraLightItalic.ttf"; sourceTree = "<group>"; fileEncoding = undefined; lastKnownFileType = unknown; explicitFileType = undefined; includeInIndex = 0; };
		D0F659D4C7D34032A26C4421 /* Montserrat-Italic.ttf */ = {isa = PBXFileReference; name = "Montserrat-Italic.ttf"; path = "../assets/fonts/Montserrat-Italic.ttf"; sourceTree = "<group>"; fileEncoding = undefined; lastKnownFileType = unknown; explicitFileType = undefined; includeInIndex = 0; };
		71E12E7C8E73447EAD7E2FFD /* Montserrat-Light.ttf */ = {isa = PBXFileReference; name = "Montserrat-Light.ttf"; path = "../assets/fonts/Montserrat-Light.ttf"; sourceTree = "<group>"; fileEncoding = undefined; lastKnownFileType = unknown; explicitFileType = undefined; includeInIndex = 0; };
		1BC0665FA19A4616A80D52B7 /* Montserrat-LightItalic.ttf */ = {isa = PBXFileReference; name = "Montserrat-LightItalic.ttf"; path = "../assets/fonts/Montserrat-LightItalic.ttf"; sourceTree = "<group>"; fileEncoding = undefined; lastKnownFileType = unknown; explicitFileType = undefined; includeInIndex = 0; };
		CB59F80132F94B5E8AEFA299 /* Montserrat-Medium.ttf */ = {isa = PBXFileReference; name = "Montserrat-Medium.ttf"; path = "../assets/fonts/Montserrat-Medium.ttf"; sourceTree = "<group>"; fileEncoding = undefined; lastKnownFileType = unknown; explicitFileType = undefined; includeInIndex = 0; };
		30356EA875E8442180F2F8D2 /* Montserrat-MediumItalic.ttf */ = {isa = PBXFileReference; name = "Montserrat-MediumItalic.ttf"; path = "../assets/fonts/Montserrat-MediumItalic.ttf"; sourceTree = "<group>"; fileEncoding = undefined; lastKnownFileType = unknown; explicitFileType = undefined; includeInIndex = 0; };
		7E0BC2B1877D4E94928989C0 /* Montserrat-Regular.ttf */ = {isa = PBXFileReference; name = "Montserrat-Regular.ttf"; path = "../assets/fonts/Montserrat-Regular.ttf"; sourceTree = "<group>"; fileEncoding = undefined; lastKnownFileType = unknown; explicitFileType = undefined; includeInIndex = 0; };
		BC9CEBA309D242B8B680D1DC /* Montserrat-SemiBold.ttf */ = {isa = PBXFileReference; name = "Montserrat-SemiBold.ttf"; path = "../assets/fonts/Montserrat-SemiBold.ttf"; sourceTree = "<group>"; fileEncoding = undefined; lastKnownFileType = unknown; explicitFileType = undefined; includeInIndex = 0; };
		C43B003180A44B0B8DAFAA90 /* Montserrat-SemiBoldItalic.ttf */ = {isa = PBXFileReference; name = "Montserrat-SemiBoldItalic.ttf"; path = "../assets/fonts/Montserrat-SemiBoldItalic.ttf"; sourceTree = "<group>"; fileEncoding = undefined; lastKnownFileType = unknown; explicitFileType = undefined; includeInIndex = 0; };
		0E72B1BFE02F4033993651F6 /* Montserrat-Thin.ttf */ = {isa = PBXFileReference; name = "Montserrat-Thin.ttf"; path = "../assets/fonts/Montserrat-Thin.ttf"; sourceTree = "<group>"; fileEncoding = undefined; lastKnownFileType = unknown; explicitFileType = undefined; includeInIndex = 0; };
		99DD81A62AED47378D69F8DC /* Montserrat-ThinItalic.ttf */ = {isa = PBXFileReference; name = "Montserrat-ThinItalic.ttf"; path = "../assets/fonts/Montserrat-ThinItalic.ttf"; sourceTree = "<group>"; fileEncoding = undefined; lastKnownFileType = unknown; explicitFileType = undefined; includeInIndex = 0; };
		C6C0B292D4EE4750B81A5105 /* SFUIText-Bold.ttf */ = {isa = PBXFileReference; name = "SFUIText-Bold.ttf"; path = "../assets/fonts/SFUIText-Bold.ttf"; sourceTree = "<group>"; fileEncoding = undefined; lastKnownFileType = unknown; explicitFileType = undefined; includeInIndex = 0; };
		3A922C1C5FA54E0ABD17C241 /* SFUIText-BoldItalic.ttf */ = {isa = PBXFileReference; name = "SFUIText-BoldItalic.ttf"; path = "../assets/fonts/SFUIText-BoldItalic.ttf"; sourceTree = "<group>"; fileEncoding = undefined; lastKnownFileType = unknown; explicitFileType = undefined; includeInIndex = 0; };
		C257F450E60948AAA3020557 /* SFUIText-Heavy.ttf */ = {isa = PBXFileReference; name = "SFUIText-Heavy.ttf"; path = "../assets/fonts/SFUIText-Heavy.ttf"; sourceTree = "<group>"; fileEncoding = undefined; lastKnownFileType = unknown; explicitFileType = undefined; includeInIndex = 0; };
		9B591796FA424593A5C9B2FB /* SFUIText-HeavyItalic.ttf */ = {isa = PBXFileReference; name = "SFUIText-HeavyItalic.ttf"; path = "../assets/fonts/SFUIText-HeavyItalic.ttf"; sourceTree = "<group>"; fileEncoding = undefined; lastKnownFileType = unknown; explicitFileType = undefined; includeInIndex = 0; };
		43DF2FD875D448418DB34B6B /* SFUIText-Light.ttf */ = {isa = PBXFileReference; name = "SFUIText-Light.ttf"; path = "../assets/fonts/SFUIText-Light.ttf"; sourceTree = "<group>"; fileEncoding = undefined; lastKnownFileType = unknown; explicitFileType = undefined; includeInIndex = 0; };
		1FA4DD959B6E4EECBDAE287C /* SFUIText-LightItalic.ttf */ = {isa = PBXFileReference; name = "SFUIText-LightItalic.ttf"; path = "../assets/fonts/SFUIText-LightItalic.ttf"; sourceTree = "<group>"; fileEncoding = undefined; lastKnownFileType = unknown; explicitFileType = undefined; includeInIndex = 0; };
		B520BF6376EE48CF9C62D479 /* SFUIText-Medium.ttf */ = {isa = PBXFileReference; name = "SFUIText-Medium.ttf"; path = "../assets/fonts/SFUIText-Medium.ttf"; sourceTree = "<group>"; fileEncoding = undefined; lastKnownFileType = unknown; explicitFileType = undefined; includeInIndex = 0; };
		BA0E7388D73D4F058FB49A64 /* SFUIText-MediumItalic.ttf */ = {isa = PBXFileReference; name = "SFUIText-MediumItalic.ttf"; path = "../assets/fonts/SFUIText-MediumItalic.ttf"; sourceTree = "<group>"; fileEncoding = undefined; lastKnownFileType = unknown; explicitFileType = undefined; includeInIndex = 0; };
		6AC78829888E440998859714 /* SFUIText-Regular.ttf */ = {isa = PBXFileReference; name = "SFUIText-Regular.ttf"; path = "../assets/fonts/SFUIText-Regular.ttf"; sourceTree = "<group>"; fileEncoding = undefined; lastKnownFileType = unknown; explicitFileType = undefined; includeInIndex = 0; };
		D5837E146CCF416995E661B4 /* SFUIText-RegularItalic.ttf */ = {isa = PBXFileReference; name = "SFUIText-RegularItalic.ttf"; path = "../assets/fonts/SFUIText-RegularItalic.ttf"; sourceTree = "<group>"; fileEncoding = undefined; lastKnownFileType = unknown; explicitFileType = undefined; includeInIndex = 0; };
		98D423F240484C0E92173A90 /* SFUIText-Semibold.ttf */ = {isa = PBXFileReference; name = "SFUIText-Semibold.ttf"; path = "../assets/fonts/SFUIText-Semibold.ttf"; sourceTree = "<group>"; fileEncoding = undefined; lastKnownFileType = unknown; explicitFileType = undefined; includeInIndex = 0; };
		6C054B6306D9498ABC03C560 /* SFUIText-SemiboldItalic.ttf */ = {isa = PBXFileReference; name = "SFUIText-SemiboldItalic.ttf"; path = "../assets/fonts/SFUIText-SemiboldItalic.ttf"; sourceTree = "<group>"; fileEncoding = undefined; lastKnownFileType = unknown; explicitFileType = undefined; includeInIndex = 0; };
		5B53965DAC044929A142E022 /* AntDesign.ttf */ = {isa = PBXFileReference; name = "AntDesign.ttf"; path = "../node_modules/react-native-vector-icons/Fonts/AntDesign.ttf"; sourceTree = "<group>"; fileEncoding = undefined; lastKnownFileType = unknown; explicitFileType = undefined; includeInIndex = 0; };
		1F7666BA6EC3417F9C38C56B /* Entypo.ttf */ = {isa = PBXFileReference; name = "Entypo.ttf"; path = "../node_modules/react-native-vector-icons/Fonts/Entypo.ttf"; sourceTree = "<group>"; fileEncoding = undefined; lastKnownFileType = unknown; explicitFileType = undefined; includeInIndex = 0; };
		DE86F3F299824B09B07D6AA9 /* EvilIcons.ttf */ = {isa = PBXFileReference; name = "EvilIcons.ttf"; path = "../node_modules/react-native-vector-icons/Fonts/EvilIcons.ttf"; sourceTree = "<group>"; fileEncoding = undefined; lastKnownFileType = unknown; explicitFileType = undefined; includeInIndex = 0; };
		7E3DBADAD5FE4E49B889AB80 /* Feather.ttf */ = {isa = PBXFileReference; name = "Feather.ttf"; path = "../node_modules/react-native-vector-icons/Fonts/Feather.ttf"; sourceTree = "<group>"; fileEncoding = undefined; lastKnownFileType = unknown; explicitFileType = undefined; includeInIndex = 0; };
		2AC43D22CB374386B0B966A0 /* FontAwesome.ttf */ = {isa = PBXFileReference; name = "FontAwesome.ttf"; path = "../node_modules/react-native-vector-icons/Fonts/FontAwesome.ttf"; sourceTree = "<group>"; fileEncoding = undefined; lastKnownFileType = unknown; explicitFileType = undefined; includeInIndex = 0; };
		71CEE3B2ABA4427899419F6C /* FontAwesome5_Brands.ttf */ = {isa = PBXFileReference; name = "FontAwesome5_Brands.ttf"; path = "../node_modules/react-native-vector-icons/Fonts/FontAwesome5_Brands.ttf"; sourceTree = "<group>"; fileEncoding = undefined; lastKnownFileType = unknown; explicitFileType = undefined; includeInIndex = 0; };
		AF05FBB8B2EB4697BB392778 /* FontAwesome5_Regular.ttf */ = {isa = PBXFileReference; name = "FontAwesome5_Regular.ttf"; path = "../node_modules/react-native-vector-icons/Fonts/FontAwesome5_Regular.ttf"; sourceTree = "<group>"; fileEncoding = undefined; lastKnownFileType = unknown; explicitFileType = undefined; includeInIndex = 0; };
		FB0F1F8D9AE84323869B380B /* FontAwesome5_Solid.ttf */ = {isa = PBXFileReference; name = "FontAwesome5_Solid.ttf"; path = "../node_modules/react-native-vector-icons/Fonts/FontAwesome5_Solid.ttf"; sourceTree = "<group>"; fileEncoding = undefined; lastKnownFileType = unknown; explicitFileType = undefined; includeInIndex = 0; };
		5DAFB0F8B4864FED92B56D6D /* Fontisto.ttf */ = {isa = PBXFileReference; name = "Fontisto.ttf"; path = "../node_modules/react-native-vector-icons/Fonts/Fontisto.ttf"; sourceTree = "<group>"; fileEncoding = undefined; lastKnownFileType = unknown; explicitFileType = undefined; includeInIndex = 0; };
		438C92A7BB2E43388E1DC39E /* Foundation.ttf */ = {isa = PBXFileReference; name = "Foundation.ttf"; path = "../node_modules/react-native-vector-icons/Fonts/Foundation.ttf"; sourceTree = "<group>"; fileEncoding = undefined; lastKnownFileType = unknown; explicitFileType = undefined; includeInIndex = 0; };
		AC5FA9F167F84F06AD7CAE5F /* Ionicons.ttf */ = {isa = PBXFileReference; name = "Ionicons.ttf"; path = "../node_modules/react-native-vector-icons/Fonts/Ionicons.ttf"; sourceTree = "<group>"; fileEncoding = undefined; lastKnownFileType = unknown; explicitFileType = undefined; includeInIndex = 0; };
		E201914DBDD34008BDDD9FA9 /* MaterialCommunityIcons.ttf */ = {isa = PBXFileReference; name = "MaterialCommunityIcons.ttf"; path = "../node_modules/react-native-vector-icons/Fonts/MaterialCommunityIcons.ttf"; sourceTree = "<group>"; fileEncoding = undefined; lastKnownFileType = unknown; explicitFileType = undefined; includeInIndex = 0; };
		6FE2F464B26544DF8E0B342B /* MaterialIcons.ttf */ = {isa = PBXFileReference; name = "MaterialIcons.ttf"; path = "../node_modules/react-native-vector-icons/Fonts/MaterialIcons.ttf"; sourceTree = "<group>"; fileEncoding = undefined; lastKnownFileType = unknown; explicitFileType = undefined; includeInIndex = 0; };
		E5ABC4339BAF4914947B805E /* Octicons.ttf */ = {isa = PBXFileReference; name = "Octicons.ttf"; path = "../node_modules/react-native-vector-icons/Fonts/Octicons.ttf"; sourceTree = "<group>"; fileEncoding = undefined; lastKnownFileType = unknown; explicitFileType = undefined; includeInIndex = 0; };
		AD0FC72DB95644BC9F2978D3 /* SimpleLineIcons.ttf */ = {isa = PBXFileReference; name = "SimpleLineIcons.ttf"; path = "../node_modules/react-native-vector-icons/Fonts/SimpleLineIcons.ttf"; sourceTree = "<group>"; fileEncoding = undefined; lastKnownFileType = unknown; explicitFileType = undefined; includeInIndex = 0; };
		5602F96991B747008E21787B /* Zocial.ttf */ = {isa = PBXFileReference; name = "Zocial.ttf"; path = "../node_modules/react-native-vector-icons/Fonts/Zocial.ttf"; sourceTree = "<group>"; fileEncoding = undefined; lastKnownFileType = unknown; explicitFileType = undefined; includeInIndex = 0; };
/* End PBXFileReference section */

/* Begin PBXFrameworksBuildPhase section */
		00E356EB1AD99517003FC87E /* Frameworks */ = {
			isa = PBXFrameworksBuildPhase;
			buildActionMask = 2147483647;
			files = (
			);
			runOnlyForDeploymentPostprocessing = 0;
		};
		13B07F8C1A680F5B00A75B9A /* Frameworks */ = {
			isa = PBXFrameworksBuildPhase;
			buildActionMask = 2147483647;
			files = (
			);
			runOnlyForDeploymentPostprocessing = 0;
		};
		2D02E4781E0B4A5D006451C7 /* Frameworks */ = {
			isa = PBXFrameworksBuildPhase;
			buildActionMask = 2147483647;
			files = (
			);
			runOnlyForDeploymentPostprocessing = 0;
		};
		2D02E48D1E0B4A5D006451C7 /* Frameworks */ = {
			isa = PBXFrameworksBuildPhase;
			buildActionMask = 2147483647;
			files = (
			);
			runOnlyForDeploymentPostprocessing = 0;
		};
/* End PBXFrameworksBuildPhase section */

/* Begin PBXGroup section */
		00E356EF1AD99517003FC87E /* githubProfilesTests */ = {
			isa = PBXGroup;
			children = (
				00E356F21AD99517003FC87E /* githubProfilesTests.m */,
				00E356F01AD99517003FC87E /* Supporting Files */,
			);
			path = githubProfilesTests;
			sourceTree = "<group>";
		};
		00E356F01AD99517003FC87E /* Supporting Files */ = {
			isa = PBXGroup;
			children = (
				00E356F11AD99517003FC87E /* Info.plist */,
			);
			name = "Supporting Files";
			sourceTree = "<group>";
		};
		13B07FAE1A68108700A75B9A /* githubProfiles */ = {
			isa = PBXGroup;
			children = (
				008F07F21AC5B25A0029DE68 /* main.jsbundle */,
				13B07FAF1A68108700A75B9A /* AppDelegate.h */,
				13B07FB01A68108700A75B9A /* AppDelegate.m */,
				13B07FB51A68108700A75B9A /* Images.xcassets */,
				13B07FB61A68108700A75B9A /* Info.plist */,
				81AB9BB72411601600AC10FF /* LaunchScreen.storyboard */,
				13B07FB71A68108700A75B9A /* main.m */,
			);
			name = githubProfiles;
			sourceTree = "<group>";
		};
		2D16E6871FA4F8E400B85C8A /* Frameworks */ = {
			isa = PBXGroup;
			children = (
				ED297162215061F000B7C4FE /* JavaScriptCore.framework */,
				ED2971642150620600B7C4FE /* JavaScriptCore.framework */,
			);
			name = Frameworks;
			sourceTree = "<group>";
		};
		832341AE1AAA6A7D00B99B32 /* Libraries */ = {
			isa = PBXGroup;
			children = (
			);
			name = Libraries;
			sourceTree = "<group>";
		};
		83CBB9F61A601CBA00E9B192 = {
			isa = PBXGroup;
			children = (
				13B07FAE1A68108700A75B9A /* githubProfiles */,
				832341AE1AAA6A7D00B99B32 /* Libraries */,
				00E356EF1AD99517003FC87E /* githubProfilesTests */,
				83CBBA001A601CBA00E9B192 /* Products */,
				2D16E6871FA4F8E400B85C8A /* Frameworks */,
				9FBAD3E8BAED4E67B8D1534D /* Resources */,
			);
			indentWidth = 2;
			sourceTree = "<group>";
			tabWidth = 2;
			usesTabs = 0;
		};
		83CBBA001A601CBA00E9B192 /* Products */ = {
			isa = PBXGroup;
			children = (
				13B07F961A680F5B00A75B9A /* githubProfiles.app */,
				00E356EE1AD99517003FC87E /* githubProfilesTests.xctest */,
				2D02E47B1E0B4A5D006451C7 /* githubProfiles-tvOS.app */,
				2D02E4901E0B4A5D006451C7 /* githubProfiles-tvOSTests.xctest */,
			);
			name = Products;
			sourceTree = "<group>";
		};
		9FBAD3E8BAED4E67B8D1534D /* Resources */ = {
			isa = "PBXGroup";
			children = (
				6D709A491FE543E4A0C8435E /* Montserrat-Black.ttf */,
				B4A7D7EEEC0749809D850903 /* Montserrat-BlackItalic.ttf */,
				805C25D6363C469C8A262114 /* Montserrat-Bold.ttf */,
				DD42341D2C0E4DD695BE18FD /* Montserrat-BoldItalic.ttf */,
				552271F32B3E4FF6AAA9B45A /* Montserrat-ExtraBold.ttf */,
				0D069BD619E84C76A5842071 /* Montserrat-ExtraBoldItalic.ttf */,
				47A85AC866E14DD3A6F40DCD /* Montserrat-ExtraLight.ttf */,
				9C59DF710C5F4B7F8D43A5CE /* Montserrat-ExtraLightItalic.ttf */,
				D0F659D4C7D34032A26C4421 /* Montserrat-Italic.ttf */,
				71E12E7C8E73447EAD7E2FFD /* Montserrat-Light.ttf */,
				1BC0665FA19A4616A80D52B7 /* Montserrat-LightItalic.ttf */,
				CB59F80132F94B5E8AEFA299 /* Montserrat-Medium.ttf */,
				30356EA875E8442180F2F8D2 /* Montserrat-MediumItalic.ttf */,
				7E0BC2B1877D4E94928989C0 /* Montserrat-Regular.ttf */,
				BC9CEBA309D242B8B680D1DC /* Montserrat-SemiBold.ttf */,
				C43B003180A44B0B8DAFAA90 /* Montserrat-SemiBoldItalic.ttf */,
				0E72B1BFE02F4033993651F6 /* Montserrat-Thin.ttf */,
				99DD81A62AED47378D69F8DC /* Montserrat-ThinItalic.ttf */,
				C6C0B292D4EE4750B81A5105 /* SFUIText-Bold.ttf */,
				3A922C1C5FA54E0ABD17C241 /* SFUIText-BoldItalic.ttf */,
				C257F450E60948AAA3020557 /* SFUIText-Heavy.ttf */,
				9B591796FA424593A5C9B2FB /* SFUIText-HeavyItalic.ttf */,
				43DF2FD875D448418DB34B6B /* SFUIText-Light.ttf */,
				1FA4DD959B6E4EECBDAE287C /* SFUIText-LightItalic.ttf */,
				B520BF6376EE48CF9C62D479 /* SFUIText-Medium.ttf */,
				BA0E7388D73D4F058FB49A64 /* SFUIText-MediumItalic.ttf */,
				6AC78829888E440998859714 /* SFUIText-Regular.ttf */,
				D5837E146CCF416995E661B4 /* SFUIText-RegularItalic.ttf */,
				98D423F240484C0E92173A90 /* SFUIText-Semibold.ttf */,
				6C054B6306D9498ABC03C560 /* SFUIText-SemiboldItalic.ttf */,
				5B53965DAC044929A142E022 /* AntDesign.ttf */,
				1F7666BA6EC3417F9C38C56B /* Entypo.ttf */,
				DE86F3F299824B09B07D6AA9 /* EvilIcons.ttf */,
				7E3DBADAD5FE4E49B889AB80 /* Feather.ttf */,
				2AC43D22CB374386B0B966A0 /* FontAwesome.ttf */,
				71CEE3B2ABA4427899419F6C /* FontAwesome5_Brands.ttf */,
				AF05FBB8B2EB4697BB392778 /* FontAwesome5_Regular.ttf */,
				FB0F1F8D9AE84323869B380B /* FontAwesome5_Solid.ttf */,
				5DAFB0F8B4864FED92B56D6D /* Fontisto.ttf */,
				438C92A7BB2E43388E1DC39E /* Foundation.ttf */,
				AC5FA9F167F84F06AD7CAE5F /* Ionicons.ttf */,
				E201914DBDD34008BDDD9FA9 /* MaterialCommunityIcons.ttf */,
				6FE2F464B26544DF8E0B342B /* MaterialIcons.ttf */,
				E5ABC4339BAF4914947B805E /* Octicons.ttf */,
				AD0FC72DB95644BC9F2978D3 /* SimpleLineIcons.ttf */,
				5602F96991B747008E21787B /* Zocial.ttf */,
			);
			name = Resources;
			sourceTree = "<group>";
			path = "";
		};
/* End PBXGroup section */

/* Begin PBXNativeTarget section */
		00E356ED1AD99517003FC87E /* githubProfilesTests */ = {
			isa = PBXNativeTarget;
			buildConfigurationList = 00E357021AD99517003FC87E /* Build configuration list for PBXNativeTarget "githubProfilesTests" */;
			buildPhases = (
				00E356EA1AD99517003FC87E /* Sources */,
				00E356EB1AD99517003FC87E /* Frameworks */,
				00E356EC1AD99517003FC87E /* Resources */,
			);
			buildRules = (
			);
			dependencies = (
				00E356F51AD99517003FC87E /* PBXTargetDependency */,
			);
			name = githubProfilesTests;
			productName = githubProfilesTests;
			productReference = 00E356EE1AD99517003FC87E /* githubProfilesTests.xctest */;
			productType = "com.apple.product-type.bundle.unit-test";
		};
		13B07F861A680F5B00A75B9A /* githubProfiles */ = {
			isa = PBXNativeTarget;
			buildConfigurationList = 13B07F931A680F5B00A75B9A /* Build configuration list for PBXNativeTarget "githubProfiles" */;
			buildPhases = (
				FD10A7F022414F080027D42C /* Start Packager */,
				13B07F871A680F5B00A75B9A /* Sources */,
				13B07F8C1A680F5B00A75B9A /* Frameworks */,
				13B07F8E1A680F5B00A75B9A /* Resources */,
				00DD1BFF1BD5951E006B06BC /* Bundle React Native code and images */,
			);
			buildRules = (
			);
			dependencies = (
			);
			name = githubProfiles;
			productName = githubProfiles;
			productReference = 13B07F961A680F5B00A75B9A /* githubProfiles.app */;
			productType = "com.apple.product-type.application";
		};
		2D02E47A1E0B4A5D006451C7 /* githubProfiles-tvOS */ = {
			isa = PBXNativeTarget;
			buildConfigurationList = 2D02E4BA1E0B4A5E006451C7 /* Build configuration list for PBXNativeTarget "githubProfiles-tvOS" */;
			buildPhases = (
				FD10A7F122414F3F0027D42C /* Start Packager */,
				2D02E4771E0B4A5D006451C7 /* Sources */,
				2D02E4781E0B4A5D006451C7 /* Frameworks */,
				2D02E4791E0B4A5D006451C7 /* Resources */,
				2D02E4CB1E0B4B27006451C7 /* Bundle React Native Code And Images */,
			);
			buildRules = (
			);
			dependencies = (
			);
			name = "githubProfiles-tvOS";
			productName = "githubProfiles-tvOS";
			productReference = 2D02E47B1E0B4A5D006451C7 /* githubProfiles-tvOS.app */;
			productType = "com.apple.product-type.application";
		};
		2D02E48F1E0B4A5D006451C7 /* githubProfiles-tvOSTests */ = {
			isa = PBXNativeTarget;
			buildConfigurationList = 2D02E4BB1E0B4A5E006451C7 /* Build configuration list for PBXNativeTarget "githubProfiles-tvOSTests" */;
			buildPhases = (
				2D02E48C1E0B4A5D006451C7 /* Sources */,
				2D02E48D1E0B4A5D006451C7 /* Frameworks */,
				2D02E48E1E0B4A5D006451C7 /* Resources */,
			);
			buildRules = (
			);
			dependencies = (
				2D02E4921E0B4A5D006451C7 /* PBXTargetDependency */,
			);
			name = "githubProfiles-tvOSTests";
			productName = "githubProfiles-tvOSTests";
			productReference = 2D02E4901E0B4A5D006451C7 /* githubProfiles-tvOSTests.xctest */;
			productType = "com.apple.product-type.bundle.unit-test";
		};
/* End PBXNativeTarget section */

/* Begin PBXProject section */
		83CBB9F71A601CBA00E9B192 /* Project object */ = {
			isa = PBXProject;
			attributes = {
				LastUpgradeCheck = 1130;
				TargetAttributes = {
					00E356ED1AD99517003FC87E = {
						CreatedOnToolsVersion = 6.2;
						TestTargetID = 13B07F861A680F5B00A75B9A;
					};
					13B07F861A680F5B00A75B9A = {
						LastSwiftMigration = 1120;
					};
					2D02E47A1E0B4A5D006451C7 = {
						CreatedOnToolsVersion = 8.2.1;
						ProvisioningStyle = Automatic;
					};
					2D02E48F1E0B4A5D006451C7 = {
						CreatedOnToolsVersion = 8.2.1;
						ProvisioningStyle = Automatic;
						TestTargetID = 2D02E47A1E0B4A5D006451C7;
					};
				};
			};
			buildConfigurationList = 83CBB9FA1A601CBA00E9B192 /* Build configuration list for PBXProject "githubProfiles" */;
			compatibilityVersion = "Xcode 3.2";
			developmentRegion = en;
			hasScannedForEncodings = 0;
			knownRegions = (
				en,
				Base,
			);
			mainGroup = 83CBB9F61A601CBA00E9B192;
			productRefGroup = 83CBBA001A601CBA00E9B192 /* Products */;
			projectDirPath = "";
			projectRoot = "";
			targets = (
				13B07F861A680F5B00A75B9A /* githubProfiles */,
				00E356ED1AD99517003FC87E /* githubProfilesTests */,
				2D02E47A1E0B4A5D006451C7 /* githubProfiles-tvOS */,
				2D02E48F1E0B4A5D006451C7 /* githubProfiles-tvOSTests */,
			);
		};
/* End PBXProject section */

/* Begin PBXResourcesBuildPhase section */
		00E356EC1AD99517003FC87E /* Resources */ = {
			isa = PBXResourcesBuildPhase;
			buildActionMask = 2147483647;
			files = (
			);
			runOnlyForDeploymentPostprocessing = 0;
		};
		13B07F8E1A680F5B00A75B9A /* Resources */ = {
			isa = PBXResourcesBuildPhase;
			buildActionMask = 2147483647;
			files = (
				81AB9BB82411601600AC10FF /* LaunchScreen.storyboard in Resources */,
				13B07FBF1A68108700A75B9A /* Images.xcassets in Resources */,
				377DDE49C3744D8D8C39F641 /* Montserrat-Black.ttf in Resources */,
				03A606E50B3140B89A41B843 /* Montserrat-BlackItalic.ttf in Resources */,
				F1529E90CEDA4469A6D78638 /* Montserrat-Bold.ttf in Resources */,
				2F01955FF276466EB916B1BB /* Montserrat-BoldItalic.ttf in Resources */,
				DDF44B3A75504082A4CC9D46 /* Montserrat-ExtraBold.ttf in Resources */,
				E0B83FD65643491C8736F1EF /* Montserrat-ExtraBoldItalic.ttf in Resources */,
				0C933425FAA049D59A67F730 /* Montserrat-ExtraLight.ttf in Resources */,
				E88303B6908B4D41A693E5F1 /* Montserrat-ExtraLightItalic.ttf in Resources */,
				112A8A0B40E241F6878B9788 /* Montserrat-Italic.ttf in Resources */,
				5BF32FC2BBCB42BC8957C88A /* Montserrat-Light.ttf in Resources */,
				6B70C9F333B54E54B40CC8C5 /* Montserrat-LightItalic.ttf in Resources */,
				D3539A23E0A34E34AB41FF89 /* Montserrat-Medium.ttf in Resources */,
				7A4739DCF3774C85BDD9651A /* Montserrat-MediumItalic.ttf in Resources */,
				E600648C200148C7A4970B95 /* Montserrat-Regular.ttf in Resources */,
				4273437051064ABD8DD7FB9A /* Montserrat-SemiBold.ttf in Resources */,
				7E60665F81EC4E859C811423 /* Montserrat-SemiBoldItalic.ttf in Resources */,
				99C372244AE64493950A86C9 /* Montserrat-Thin.ttf in Resources */,
				D13FFFE574FF40BCB9DF3B7C /* Montserrat-ThinItalic.ttf in Resources */,
				670E789220834A78A66061D3 /* SFUIText-Bold.ttf in Resources */,
				8CEA1A3E87DB4D459D888E13 /* SFUIText-BoldItalic.ttf in Resources */,
				EC85F1E538D441CB94AF2A22 /* SFUIText-Heavy.ttf in Resources */,
				8D760F565E824B04924C3B9E /* SFUIText-HeavyItalic.ttf in Resources */,
				74B3E6B2462C4EC987844DF6 /* SFUIText-Light.ttf in Resources */,
				18DDF287FB9049A2AE8E9CD9 /* SFUIText-LightItalic.ttf in Resources */,
				4F562F1E8B3C4D59BB540C55 /* SFUIText-Medium.ttf in Resources */,
				0CA04082D37349A9BD0C0933 /* SFUIText-MediumItalic.ttf in Resources */,
				68BAA6C4A05D4413BDEADA3B /* SFUIText-Regular.ttf in Resources */,
				A12A7B9C041944DEAC1E774D /* SFUIText-RegularItalic.ttf in Resources */,
				FD1B027689F447FF9BFAF2BA /* SFUIText-Semibold.ttf in Resources */,
				B88BE8C4C4874CC7B9C3DC6B /* SFUIText-SemiboldItalic.ttf in Resources */,
				4FBB086B70454D09A18A21E0 /* AntDesign.ttf in Resources */,
				A0ACC3B213674738AA1C81DD /* Entypo.ttf in Resources */,
				3E00C5B21A9E4697B470DF32 /* EvilIcons.ttf in Resources */,
				6DFBBB83B156499DB6991FF7 /* Feather.ttf in Resources */,
				AFDD14F33E014055A0583D88 /* FontAwesome.ttf in Resources */,
				5E68EAF172524DE1B107E7D2 /* FontAwesome5_Brands.ttf in Resources */,
				3A8709A1B1B149E9BB21F592 /* FontAwesome5_Regular.ttf in Resources */,
				E0490A258C1B4186A03C9AD9 /* FontAwesome5_Solid.ttf in Resources */,
				C82280F1A3D242DEA557A8CA /* Fontisto.ttf in Resources */,
				9ADD9BB60A1B4F0CB30C5343 /* Foundation.ttf in Resources */,
				39DF375E23EA46C7A6D6F997 /* Ionicons.ttf in Resources */,
				C79902D2EF8D45F997A204E4 /* MaterialCommunityIcons.ttf in Resources */,
				FCA6B7B44FB94BD49B8BC2F9 /* MaterialIcons.ttf in Resources */,
				36218839F5CF4B999E63C7CA /* Octicons.ttf in Resources */,
				495992307B9D412A8A38A300 /* SimpleLineIcons.ttf in Resources */,
				44D03A17A4DB4D9C98843F69 /* Zocial.ttf in Resources */,
			);
			runOnlyForDeploymentPostprocessing = 0;
		};
		2D02E4791E0B4A5D006451C7 /* Resources */ = {
			isa = PBXResourcesBuildPhase;
			buildActionMask = 2147483647;
			files = (
				2D02E4BD1E0B4A84006451C7 /* Images.xcassets in Resources */,
			);
			runOnlyForDeploymentPostprocessing = 0;
		};
		2D02E48E1E0B4A5D006451C7 /* Resources */ = {
			isa = PBXResourcesBuildPhase;
			buildActionMask = 2147483647;
			files = (
			);
			runOnlyForDeploymentPostprocessing = 0;
		};
/* End PBXResourcesBuildPhase section */

/* Begin PBXShellScriptBuildPhase section */
		00DD1BFF1BD5951E006B06BC /* Bundle React Native code and images */ = {
			isa = PBXShellScriptBuildPhase;
			buildActionMask = 2147483647;
			files = (
			);
			inputPaths = (
			);
			name = "Bundle React Native code and images";
			outputPaths = (
			);
			runOnlyForDeploymentPostprocessing = 0;
			shellPath = /bin/sh;
			shellScript = "export NODE_BINARY=node\n../node_modules/react-native/scripts/react-native-xcode.sh";
		};
		2D02E4CB1E0B4B27006451C7 /* Bundle React Native Code And Images */ = {
			isa = PBXShellScriptBuildPhase;
			buildActionMask = 2147483647;
			files = (
			);
			inputPaths = (
			);
			name = "Bundle React Native Code And Images";
			outputPaths = (
			);
			runOnlyForDeploymentPostprocessing = 0;
			shellPath = /bin/sh;
			shellScript = "export NODE_BINARY=node\n../node_modules/react-native/scripts/react-native-xcode.sh";
		};
		FD10A7F022414F080027D42C /* Start Packager */ = {
			isa = PBXShellScriptBuildPhase;
			buildActionMask = 2147483647;
			files = (
			);
			inputFileListPaths = (
			);
			inputPaths = (
			);
			name = "Start Packager";
			outputFileListPaths = (
			);
			outputPaths = (
			);
			runOnlyForDeploymentPostprocessing = 0;
			shellPath = /bin/sh;
			shellScript = "export RCT_METRO_PORT=\"${RCT_METRO_PORT:=8081}\"\necho \"export RCT_METRO_PORT=${RCT_METRO_PORT}\" > \"${SRCROOT}/../node_modules/react-native/scripts/.packager.env\"\nif [ -z \"${RCT_NO_LAUNCH_PACKAGER+xxx}\" ] ; then\n  if nc -w 5 -z localhost ${RCT_METRO_PORT} ; then\n    if ! curl -s \"http://localhost:${RCT_METRO_PORT}/status\" | grep -q \"packager-status:running\" ; then\n      echo \"Port ${RCT_METRO_PORT} already in use, packager is either not running or not running correctly\"\n      exit 2\n    fi\n  else\n    open \"$SRCROOT/../node_modules/react-native/scripts/launchPackager.command\" || echo \"Can't start packager automatically\"\n  fi\nfi\n";
			showEnvVarsInLog = 0;
		};
		FD10A7F122414F3F0027D42C /* Start Packager */ = {
			isa = PBXShellScriptBuildPhase;
			buildActionMask = 2147483647;
			files = (
			);
			inputFileListPaths = (
			);
			inputPaths = (
			);
			name = "Start Packager";
			outputFileListPaths = (
			);
			outputPaths = (
			);
			runOnlyForDeploymentPostprocessing = 0;
			shellPath = /bin/sh;
			shellScript = "export RCT_METRO_PORT=\"${RCT_METRO_PORT:=8081}\"\necho \"export RCT_METRO_PORT=${RCT_METRO_PORT}\" > \"${SRCROOT}/../node_modules/react-native/scripts/.packager.env\"\nif [ -z \"${RCT_NO_LAUNCH_PACKAGER+xxx}\" ] ; then\n  if nc -w 5 -z localhost ${RCT_METRO_PORT} ; then\n    if ! curl -s \"http://localhost:${RCT_METRO_PORT}/status\" | grep -q \"packager-status:running\" ; then\n      echo \"Port ${RCT_METRO_PORT} already in use, packager is either not running or not running correctly\"\n      exit 2\n    fi\n  else\n    open \"$SRCROOT/../node_modules/react-native/scripts/launchPackager.command\" || echo \"Can't start packager automatically\"\n  fi\nfi\n";
			showEnvVarsInLog = 0;
		};
/* End PBXShellScriptBuildPhase section */

/* Begin PBXSourcesBuildPhase section */
		00E356EA1AD99517003FC87E /* Sources */ = {
			isa = PBXSourcesBuildPhase;
			buildActionMask = 2147483647;
			files = (
				00E356F31AD99517003FC87E /* githubProfilesTests.m in Sources */,
			);
			runOnlyForDeploymentPostprocessing = 0;
		};
		13B07F871A680F5B00A75B9A /* Sources */ = {
			isa = PBXSourcesBuildPhase;
			buildActionMask = 2147483647;
			files = (
				13B07FBC1A68108700A75B9A /* AppDelegate.m in Sources */,
				13B07FC11A68108700A75B9A /* main.m in Sources */,
			);
			runOnlyForDeploymentPostprocessing = 0;
		};
		2D02E4771E0B4A5D006451C7 /* Sources */ = {
			isa = PBXSourcesBuildPhase;
			buildActionMask = 2147483647;
			files = (
				2D02E4BF1E0B4AB3006451C7 /* main.m in Sources */,
				2D02E4BC1E0B4A80006451C7 /* AppDelegate.m in Sources */,
			);
			runOnlyForDeploymentPostprocessing = 0;
		};
		2D02E48C1E0B4A5D006451C7 /* Sources */ = {
			isa = PBXSourcesBuildPhase;
			buildActionMask = 2147483647;
			files = (
				2DCD954D1E0B4F2C00145EB5 /* githubProfilesTests.m in Sources */,
			);
			runOnlyForDeploymentPostprocessing = 0;
		};
/* End PBXSourcesBuildPhase section */

/* Begin PBXTargetDependency section */
		00E356F51AD99517003FC87E /* PBXTargetDependency */ = {
			isa = PBXTargetDependency;
			target = 13B07F861A680F5B00A75B9A /* githubProfiles */;
			targetProxy = 00E356F41AD99517003FC87E /* PBXContainerItemProxy */;
		};
		2D02E4921E0B4A5D006451C7 /* PBXTargetDependency */ = {
			isa = PBXTargetDependency;
			target = 2D02E47A1E0B4A5D006451C7 /* githubProfiles-tvOS */;
			targetProxy = 2D02E4911E0B4A5D006451C7 /* PBXContainerItemProxy */;
		};
/* End PBXTargetDependency section */

/* Begin XCBuildConfiguration section */
		00E356F61AD99517003FC87E /* Debug */ = {
			isa = XCBuildConfiguration;
			buildSettings = {
				BUNDLE_LOADER = "$(TEST_HOST)";
				GCC_PREPROCESSOR_DEFINITIONS = (
					"DEBUG=1",
					"$(inherited)",
				);
				INFOPLIST_FILE = githubProfilesTests/Info.plist;
				IPHONEOS_DEPLOYMENT_TARGET = 10.0;
				LD_RUNPATH_SEARCH_PATHS = "$(inherited) @executable_path/Frameworks @loader_path/Frameworks";
				OTHER_LDFLAGS = (
					"-ObjC",
					"-lc++",
					"$(inherited)",
				);
				PRODUCT_BUNDLE_IDENTIFIER = "org.reactjs.native.example.$(PRODUCT_NAME:rfc1034identifier)";
				PRODUCT_NAME = "$(TARGET_NAME)";
				TEST_HOST = "$(BUILT_PRODUCTS_DIR)/githubProfiles.app/githubProfiles";
			};
			name = Debug;
		};
		00E356F71AD99517003FC87E /* Release */ = {
			isa = XCBuildConfiguration;
			buildSettings = {
				BUNDLE_LOADER = "$(TEST_HOST)";
				COPY_PHASE_STRIP = NO;
				INFOPLIST_FILE = githubProfilesTests/Info.plist;
				IPHONEOS_DEPLOYMENT_TARGET = 10.0;
				LD_RUNPATH_SEARCH_PATHS = "$(inherited) @executable_path/Frameworks @loader_path/Frameworks";
				OTHER_LDFLAGS = (
					"-ObjC",
					"-lc++",
					"$(inherited)",
				);
				PRODUCT_BUNDLE_IDENTIFIER = "org.reactjs.native.example.$(PRODUCT_NAME:rfc1034identifier)";
				PRODUCT_NAME = "$(TARGET_NAME)";
				TEST_HOST = "$(BUILT_PRODUCTS_DIR)/githubProfiles.app/githubProfiles";
			};
			name = Release;
		};
		13B07F941A680F5B00A75B9A /* Debug */ = {
			isa = XCBuildConfiguration;
			buildSettings = {
				ASSETCATALOG_COMPILER_APPICON_NAME = AppIcon;
				CLANG_ENABLE_MODULES = YES;
				CURRENT_PROJECT_VERSION = 1;
				ENABLE_BITCODE = NO;
				INFOPLIST_FILE = githubProfiles/Info.plist;
				LD_RUNPATH_SEARCH_PATHS = "$(inherited) @executable_path/Frameworks";
				OTHER_LDFLAGS = (
					"$(inherited)",
					"-ObjC",
					"-lc++",
				);
				PRODUCT_BUNDLE_IDENTIFIER = "org.reactjs.native.example.$(PRODUCT_NAME:rfc1034identifier)";
				PRODUCT_NAME = githubProfiles;
				SWIFT_OPTIMIZATION_LEVEL = "-Onone";
				SWIFT_VERSION = 5.0;
				VERSIONING_SYSTEM = "apple-generic";
			};
			name = Debug;
		};
		13B07F951A680F5B00A75B9A /* Release */ = {
			isa = XCBuildConfiguration;
			buildSettings = {
				ASSETCATALOG_COMPILER_APPICON_NAME = AppIcon;
				CLANG_ENABLE_MODULES = YES;
				CURRENT_PROJECT_VERSION = 1;
				INFOPLIST_FILE = githubProfiles/Info.plist;
				LD_RUNPATH_SEARCH_PATHS = "$(inherited) @executable_path/Frameworks";
				OTHER_LDFLAGS = (
					"$(inherited)",
					"-ObjC",
					"-lc++",
				);
				PRODUCT_BUNDLE_IDENTIFIER = "org.reactjs.native.example.$(PRODUCT_NAME:rfc1034identifier)";
				PRODUCT_NAME = githubProfiles;
				SWIFT_VERSION = 5.0;
				VERSIONING_SYSTEM = "apple-generic";
			};
			name = Release;
		};
		2D02E4971E0B4A5E006451C7 /* Debug */ = {
			isa = XCBuildConfiguration;
			buildSettings = {
				ASSETCATALOG_COMPILER_APPICON_NAME = "App Icon & Top Shelf Image";
				ASSETCATALOG_COMPILER_LAUNCHIMAGE_NAME = LaunchImage;
				CLANG_ANALYZER_NONNULL = YES;
				CLANG_WARN_DOCUMENTATION_COMMENTS = YES;
				CLANG_WARN_INFINITE_RECURSION = YES;
				CLANG_WARN_SUSPICIOUS_MOVE = YES;
				DEBUG_INFORMATION_FORMAT = dwarf;
				ENABLE_TESTABILITY = YES;
				GCC_NO_COMMON_BLOCKS = YES;
				INFOPLIST_FILE = "githubProfiles-tvOS/Info.plist";
				LD_RUNPATH_SEARCH_PATHS = "$(inherited) @executable_path/Frameworks";
				OTHER_LDFLAGS = (
					"$(inherited)",
					"-ObjC",
					"-lc++",
				);
				PRODUCT_BUNDLE_IDENTIFIER = "org.reactjs.native.example.githubProfiles-tvOS";
				PRODUCT_NAME = "$(TARGET_NAME)";
				SDKROOT = appletvos;
				TARGETED_DEVICE_FAMILY = 3;
				TVOS_DEPLOYMENT_TARGET = 10.0;
			};
			name = Debug;
		};
		2D02E4981E0B4A5E006451C7 /* Release */ = {
			isa = XCBuildConfiguration;
			buildSettings = {
				ASSETCATALOG_COMPILER_APPICON_NAME = "App Icon & Top Shelf Image";
				ASSETCATALOG_COMPILER_LAUNCHIMAGE_NAME = LaunchImage;
				CLANG_ANALYZER_NONNULL = YES;
				CLANG_WARN_DOCUMENTATION_COMMENTS = YES;
				CLANG_WARN_INFINITE_RECURSION = YES;
				CLANG_WARN_SUSPICIOUS_MOVE = YES;
				COPY_PHASE_STRIP = NO;
				DEBUG_INFORMATION_FORMAT = "dwarf-with-dsym";
				GCC_NO_COMMON_BLOCKS = YES;
				INFOPLIST_FILE = "githubProfiles-tvOS/Info.plist";
				LD_RUNPATH_SEARCH_PATHS = "$(inherited) @executable_path/Frameworks";
				OTHER_LDFLAGS = (
					"$(inherited)",
					"-ObjC",
					"-lc++",
				);
				PRODUCT_BUNDLE_IDENTIFIER = "org.reactjs.native.example.githubProfiles-tvOS";
				PRODUCT_NAME = "$(TARGET_NAME)";
				SDKROOT = appletvos;
				TARGETED_DEVICE_FAMILY = 3;
				TVOS_DEPLOYMENT_TARGET = 10.0;
			};
			name = Release;
		};
		2D02E4991E0B4A5E006451C7 /* Debug */ = {
			isa = XCBuildConfiguration;
			buildSettings = {
				BUNDLE_LOADER = "$(TEST_HOST)";
				CLANG_ANALYZER_NONNULL = YES;
				CLANG_WARN_DOCUMENTATION_COMMENTS = YES;
				CLANG_WARN_INFINITE_RECURSION = YES;
				CLANG_WARN_SUSPICIOUS_MOVE = YES;
				DEBUG_INFORMATION_FORMAT = dwarf;
				ENABLE_TESTABILITY = YES;
				GCC_NO_COMMON_BLOCKS = YES;
				INFOPLIST_FILE = "githubProfiles-tvOSTests/Info.plist";
				LD_RUNPATH_SEARCH_PATHS = "$(inherited) @executable_path/Frameworks @loader_path/Frameworks";
				OTHER_LDFLAGS = (
					"$(inherited)",
					"-ObjC",
					"-lc++",
				);
				PRODUCT_BUNDLE_IDENTIFIER = "org.reactjs.native.example.githubProfiles-tvOSTests";
				PRODUCT_NAME = "$(TARGET_NAME)";
				SDKROOT = appletvos;
				TEST_HOST = "$(BUILT_PRODUCTS_DIR)/githubProfiles-tvOS.app/githubProfiles-tvOS";
				TVOS_DEPLOYMENT_TARGET = 10.1;
			};
			name = Debug;
		};
		2D02E49A1E0B4A5E006451C7 /* Release */ = {
			isa = XCBuildConfiguration;
			buildSettings = {
				BUNDLE_LOADER = "$(TEST_HOST)";
				CLANG_ANALYZER_NONNULL = YES;
				CLANG_WARN_DOCUMENTATION_COMMENTS = YES;
				CLANG_WARN_INFINITE_RECURSION = YES;
				CLANG_WARN_SUSPICIOUS_MOVE = YES;
				COPY_PHASE_STRIP = NO;
				DEBUG_INFORMATION_FORMAT = "dwarf-with-dsym";
				GCC_NO_COMMON_BLOCKS = YES;
				INFOPLIST_FILE = "githubProfiles-tvOSTests/Info.plist";
				LD_RUNPATH_SEARCH_PATHS = "$(inherited) @executable_path/Frameworks @loader_path/Frameworks";
				OTHER_LDFLAGS = (
					"$(inherited)",
					"-ObjC",
					"-lc++",
				);
				PRODUCT_BUNDLE_IDENTIFIER = "org.reactjs.native.example.githubProfiles-tvOSTests";
				PRODUCT_NAME = "$(TARGET_NAME)";
				SDKROOT = appletvos;
				TEST_HOST = "$(BUILT_PRODUCTS_DIR)/githubProfiles-tvOS.app/githubProfiles-tvOS";
				TVOS_DEPLOYMENT_TARGET = 10.1;
			};
			name = Release;
		};
		83CBBA201A601CBA00E9B192 /* Debug */ = {
			isa = XCBuildConfiguration;
			buildSettings = {
				ALWAYS_SEARCH_USER_PATHS = NO;
				CLANG_ANALYZER_LOCALIZABILITY_NONLOCALIZED = YES;
				CLANG_CXX_LANGUAGE_STANDARD = "gnu++0x";
				CLANG_CXX_LIBRARY = "libc++";
				CLANG_ENABLE_MODULES = YES;
				CLANG_ENABLE_OBJC_ARC = YES;
				CLANG_WARN_BLOCK_CAPTURE_AUTORELEASING = YES;
				CLANG_WARN_BOOL_CONVERSION = YES;
				CLANG_WARN_COMMA = YES;
				CLANG_WARN_CONSTANT_CONVERSION = YES;
				CLANG_WARN_DEPRECATED_OBJC_IMPLEMENTATIONS = YES;
				CLANG_WARN_DIRECT_OBJC_ISA_USAGE = YES_ERROR;
				CLANG_WARN_EMPTY_BODY = YES;
				CLANG_WARN_ENUM_CONVERSION = YES;
				CLANG_WARN_INFINITE_RECURSION = YES;
				CLANG_WARN_INT_CONVERSION = YES;
				CLANG_WARN_NON_LITERAL_NULL_CONVERSION = YES;
				CLANG_WARN_OBJC_IMPLICIT_RETAIN_SELF = YES;
				CLANG_WARN_OBJC_LITERAL_CONVERSION = YES;
				CLANG_WARN_OBJC_ROOT_CLASS = YES_ERROR;
				CLANG_WARN_RANGE_LOOP_ANALYSIS = YES;
				CLANG_WARN_STRICT_PROTOTYPES = YES;
				CLANG_WARN_SUSPICIOUS_MOVE = YES;
				CLANG_WARN_UNREACHABLE_CODE = YES;
				CLANG_WARN__DUPLICATE_METHOD_MATCH = YES;
				"CODE_SIGN_IDENTITY[sdk=iphoneos*]" = "iPhone Developer";
				COPY_PHASE_STRIP = NO;
				ENABLE_STRICT_OBJC_MSGSEND = YES;
				ENABLE_TESTABILITY = YES;
				GCC_C_LANGUAGE_STANDARD = gnu99;
				GCC_DYNAMIC_NO_PIC = NO;
				GCC_NO_COMMON_BLOCKS = YES;
				GCC_OPTIMIZATION_LEVEL = 0;
				GCC_PREPROCESSOR_DEFINITIONS = (
					"DEBUG=1",
					"$(inherited)",
				);
				GCC_SYMBOLS_PRIVATE_EXTERN = NO;
				GCC_WARN_64_TO_32_BIT_CONVERSION = YES;
				GCC_WARN_ABOUT_RETURN_TYPE = YES_ERROR;
				GCC_WARN_UNDECLARED_SELECTOR = YES;
				GCC_WARN_UNINITIALIZED_AUTOS = YES_AGGRESSIVE;
				GCC_WARN_UNUSED_FUNCTION = YES;
				GCC_WARN_UNUSED_VARIABLE = YES;
				IPHONEOS_DEPLOYMENT_TARGET = 10.0;
				LD_RUNPATH_SEARCH_PATHS = "/usr/lib/swift $(inherited)";
				LIBRARY_SEARCH_PATHS = (
					"\"$(TOOLCHAIN_DIR)/usr/lib/swift/$(PLATFORM_NAME)\"",
					"\"$(TOOLCHAIN_DIR)/usr/lib/swift-5.0/$(PLATFORM_NAME)\"",
					"\"$(inherited)\"",
				);
				MTL_ENABLE_DEBUG_INFO = YES;
				ONLY_ACTIVE_ARCH = YES;
				SDKROOT = iphoneos;
			};
			name = Debug;
		};
		83CBBA211A601CBA00E9B192 /* Release */ = {
			isa = XCBuildConfiguration;
			buildSettings = {
				ALWAYS_SEARCH_USER_PATHS = NO;
				CLANG_ANALYZER_LOCALIZABILITY_NONLOCALIZED = YES;
				CLANG_CXX_LANGUAGE_STANDARD = "gnu++0x";
				CLANG_CXX_LIBRARY = "libc++";
				CLANG_ENABLE_MODULES = YES;
				CLANG_ENABLE_OBJC_ARC = YES;
				CLANG_WARN_BLOCK_CAPTURE_AUTORELEASING = YES;
				CLANG_WARN_BOOL_CONVERSION = YES;
				CLANG_WARN_COMMA = YES;
				CLANG_WARN_CONSTANT_CONVERSION = YES;
				CLANG_WARN_DEPRECATED_OBJC_IMPLEMENTATIONS = YES;
				CLANG_WARN_DIRECT_OBJC_ISA_USAGE = YES_ERROR;
				CLANG_WARN_EMPTY_BODY = YES;
				CLANG_WARN_ENUM_CONVERSION = YES;
				CLANG_WARN_INFINITE_RECURSION = YES;
				CLANG_WARN_INT_CONVERSION = YES;
				CLANG_WARN_NON_LITERAL_NULL_CONVERSION = YES;
				CLANG_WARN_OBJC_IMPLICIT_RETAIN_SELF = YES;
				CLANG_WARN_OBJC_LITERAL_CONVERSION = YES;
				CLANG_WARN_OBJC_ROOT_CLASS = YES_ERROR;
				CLANG_WARN_RANGE_LOOP_ANALYSIS = YES;
				CLANG_WARN_STRICT_PROTOTYPES = YES;
				CLANG_WARN_SUSPICIOUS_MOVE = YES;
				CLANG_WARN_UNREACHABLE_CODE = YES;
				CLANG_WARN__DUPLICATE_METHOD_MATCH = YES;
				"CODE_SIGN_IDENTITY[sdk=iphoneos*]" = "iPhone Developer";
				COPY_PHASE_STRIP = YES;
				ENABLE_NS_ASSERTIONS = NO;
				ENABLE_STRICT_OBJC_MSGSEND = YES;
				GCC_C_LANGUAGE_STANDARD = gnu99;
				GCC_NO_COMMON_BLOCKS = YES;
				GCC_WARN_64_TO_32_BIT_CONVERSION = YES;
				GCC_WARN_ABOUT_RETURN_TYPE = YES_ERROR;
				GCC_WARN_UNDECLARED_SELECTOR = YES;
				GCC_WARN_UNINITIALIZED_AUTOS = YES_AGGRESSIVE;
				GCC_WARN_UNUSED_FUNCTION = YES;
				GCC_WARN_UNUSED_VARIABLE = YES;
				IPHONEOS_DEPLOYMENT_TARGET = 10.0;
				LD_RUNPATH_SEARCH_PATHS = "/usr/lib/swift $(inherited)";
				LIBRARY_SEARCH_PATHS = (
					"\"$(TOOLCHAIN_DIR)/usr/lib/swift/$(PLATFORM_NAME)\"",
					"\"$(TOOLCHAIN_DIR)/usr/lib/swift-5.0/$(PLATFORM_NAME)\"",
					"\"$(inherited)\"",
				);
				MTL_ENABLE_DEBUG_INFO = NO;
				SDKROOT = iphoneos;
				VALIDATE_PRODUCT = YES;
			};
			name = Release;
		};
/* End XCBuildConfiguration section */

/* Begin XCConfigurationList section */
		00E357021AD99517003FC87E /* Build configuration list for PBXNativeTarget "githubProfilesTests" */ = {
			isa = XCConfigurationList;
			buildConfigurations = (
				00E356F61AD99517003FC87E /* Debug */,
				00E356F71AD99517003FC87E /* Release */,
			);
			defaultConfigurationIsVisible = 0;
			defaultConfigurationName = Release;
		};
		13B07F931A680F5B00A75B9A /* Build configuration list for PBXNativeTarget "githubProfiles" */ = {
			isa = XCConfigurationList;
			buildConfigurations = (
				13B07F941A680F5B00A75B9A /* Debug */,
				13B07F951A680F5B00A75B9A /* Release */,
			);
			defaultConfigurationIsVisible = 0;
			defaultConfigurationName = Release;
		};
		2D02E4BA1E0B4A5E006451C7 /* Build configuration list for PBXNativeTarget "githubProfiles-tvOS" */ = {
			isa = XCConfigurationList;
			buildConfigurations = (
				2D02E4971E0B4A5E006451C7 /* Debug */,
				2D02E4981E0B4A5E006451C7 /* Release */,
			);
			defaultConfigurationIsVisible = 0;
			defaultConfigurationName = Release;
		};
		2D02E4BB1E0B4A5E006451C7 /* Build configuration list for PBXNativeTarget "githubProfiles-tvOSTests" */ = {
			isa = XCConfigurationList;
			buildConfigurations = (
				2D02E4991E0B4A5E006451C7 /* Debug */,
				2D02E49A1E0B4A5E006451C7 /* Release */,
			);
			defaultConfigurationIsVisible = 0;
			defaultConfigurationName = Release;
		};
		83CBB9FA1A601CBA00E9B192 /* Build configuration list for PBXProject "githubProfiles" */ = {
			isa = XCConfigurationList;
			buildConfigurations = (
				83CBBA201A601CBA00E9B192 /* Debug */,
				83CBBA211A601CBA00E9B192 /* Release */,
			);
			defaultConfigurationIsVisible = 0;
			defaultConfigurationName = Release;
		};
/* End XCConfigurationList section */
	};
	rootObject = 83CBB9F71A601CBA00E9B192 /* Project object */;
}
